
Microsoft Visual Studio Solution File, Format Version 12.00
# Visual Studio Version 16
VisualStudioVersion = 16.0.30523.141
MinimumVisualStudioVersion = 10.0.40219.1
Project("{FAE04EC0-301F-11D3-BF4B-00C04F79EFBC}") = "baitaplonhedieuhanh", "baitaplonhedieuhanh\baitaplonhedieuhanh.csproj", "{FA4D29D5-D4C5-4F0C-B55C-9FA9BCBF1A76}"
EndProject
Global
	GlobalSection(SolutionConfigurationPlatforms) = preSolution
		Debug|Any CPU = Debug|Any CPU
		Release|Any CPU = Release|Any CPU
	EndGlobalSection
	GlobalSection(ProjectConfigurationPlatforms) = postSolution
		{FA4D29D5-D4C5-4F0C-B55C-9FA9BCBF1A76}.Debug|Any CPU.ActiveCfg = Debug|Any CPU
		{FA4D29D5-D4C5-4F0C-B55C-9FA9BCBF1A76}.Debug|Any CPU.Build.0 = Debug|Any CPU
		{FA4D29D5-D4C5-4F0C-B55C-9FA9BCBF1A76}.Release|Any CPU.ActiveCfg = Release|Any CPU
		{FA4D29D5-D4C5-4F0C-B55C-9FA9BCBF1A76}.Release|Any CPU.Build.0 = Release|Any CPU
	EndGlobalSection
	GlobalSection(SolutionProperties) = preSolution
		HideSolutionNode = FALSE
	EndGlobalSection
	GlobalSection(ExtensibilityGlobals) = postSolution
		SolutionGuid = {68EEA6BB-2072-49E3-96AB-EF9A8ECAC460}
	EndGlobalSection
EndGlobal
